
Microsoft Visual Studio Solution File, Format Version 12.00
# Visual Studio 15
VisualStudioVersion = 15.0.26430.16
MinimumVisualStudioVersion = 10.0.40219.1
Project("{FAE04EC0-301F-11D3-BF4B-00C04F79EFBC}") = "ReachCom", "ReachCom\ReachCom.csproj", "{9028541C-EB64-4BD3-9317-1C61C8CD99E1}"
EndProject
Project("{FAE04EC0-301F-11D3-BF4B-00C04F79EFBC}") = "ExcelUtility", "ExcelUtility\ExcelUtility.csproj", "{4ECCD742-17D1-4440-9F03-29179125F957}"
EndProject
Project("{FAE04EC0-301F-11D3-BF4B-00C04F79EFBC}") = "ReachComData", "ReachComData\ReachComData.csproj", "{91DBD022-8774-416C-A2F4-446BC1B8EC4C}"
EndProject
Project("{FAE04EC0-301F-11D3-BF4B-00C04F79EFBC}") = "ReachComApp", "ReachComApp\ReachComApp.csproj", "{F1A969CA-FB84-4B82-9040-95A56B80A86F}"
EndProject
Global
	GlobalSection(SolutionConfigurationPlatforms) = preSolution
		Debug|Any CPU = Debug|Any CPU
		Release|Any CPU = Release|Any CPU
	EndGlobalSection
	GlobalSection(ProjectConfigurationPlatforms) = postSolution
		{9028541C-EB64-4BD3-9317-1C61C8CD99E1}.Debug|Any CPU.ActiveCfg = Debug|Any CPU
		{9028541C-EB64-4BD3-9317-1C61C8CD99E1}.Debug|Any CPU.Build.0 = Debug|Any CPU
		{9028541C-EB64-4BD3-9317-1C61C8CD99E1}.Release|Any CPU.ActiveCfg = Release|Any CPU
		{9028541C-EB64-4BD3-9317-1C61C8CD99E1}.Release|Any CPU.Build.0 = Release|Any CPU
		{4ECCD742-17D1-4440-9F03-29179125F957}.Debug|Any CPU.ActiveCfg = Debug|Any CPU
		{4ECCD742-17D1-4440-9F03-29179125F957}.Debug|Any CPU.Build.0 = Debug|Any CPU
		{4ECCD742-17D1-4440-9F03-29179125F957}.Release|Any CPU.ActiveCfg = Release|Any CPU
		{4ECCD742-17D1-4440-9F03-29179125F957}.Release|Any CPU.Build.0 = Release|Any CPU
		{91DBD022-8774-416C-A2F4-446BC1B8EC4C}.Debug|Any CPU.ActiveCfg = Debug|Any CPU
		{91DBD022-8774-416C-A2F4-446BC1B8EC4C}.Debug|Any CPU.Build.0 = Debug|Any CPU
		{91DBD022-8774-416C-A2F4-446BC1B8EC4C}.Release|Any CPU.ActiveCfg = Release|Any CPU
		{91DBD022-8774-416C-A2F4-446BC1B8EC4C}.Release|Any CPU.Build.0 = Release|Any CPU
		{F1A969CA-FB84-4B82-9040-95A56B80A86F}.Debug|Any CPU.ActiveCfg = Debug|Any CPU
		{F1A969CA-FB84-4B82-9040-95A56B80A86F}.Debug|Any CPU.Build.0 = Debug|Any CPU
		{F1A969CA-FB84-4B82-9040-95A56B80A86F}.Release|Any CPU.ActiveCfg = Release|Any CPU
		{F1A969CA-FB84-4B82-9040-95A56B80A86F}.Release|Any CPU.Build.0 = Release|Any CPU
	EndGlobalSection
	GlobalSection(SolutionProperties) = preSolution
		HideSolutionNode = FALSE
	EndGlobalSection
EndGlobal
